
Microsoft Visual Studio Solution File, Format Version 12.00
# Visual Studio Version 17
VisualStudioVersion = 17.1.32228.430
MinimumVisualStudioVersion = 10.0.40219.1
Project("{FAE04EC0-301F-11D3-BF4B-00C04F79EFBC}") = "BL", "BL\BL.csproj", "{FD7930CC-955C-4EEE-B410-56F5C91477DF}"
EndProject
Project("{FAE04EC0-301F-11D3-BF4B-00C04F79EFBC}") = "ML", "ML\ML.csproj", "{2B504C27-0E25-44F6-9FDC-0A76727A5458}"
EndProject
Project("{FAE04EC0-301F-11D3-BF4B-00C04F79EFBC}") = "DL", "DL\DL.csproj", "{46A4686F-6A0A-4234-BB31-68D9CA85C22C}"
EndProject
Project("{FAE04EC0-301F-11D3-BF4B-00C04F79EFBC}") = "SL", "SL\SL.csproj", "{FB21ED5B-F49B-4537-8529-8FEDC7AF580E}"
EndProject
Project("{FAE04EC0-301F-11D3-BF4B-00C04F79EFBC}") = "PL", "PL\PL.csproj", "{EAFE48B1-244B-4EDE-9029-FB6F5684FFB2}"
EndProject
Global
	GlobalSection(SolutionConfigurationPlatforms) = preSolution
		Debug|Any CPU = Debug|Any CPU
		Release|Any CPU = Release|Any CPU
	EndGlobalSection
	GlobalSection(ProjectConfigurationPlatforms) = postSolution
		{FD7930CC-955C-4EEE-B410-56F5C91477DF}.Debug|Any CPU.ActiveCfg = Debug|Any CPU
		{FD7930CC-955C-4EEE-B410-56F5C91477DF}.Debug|Any CPU.Build.0 = Debug|Any CPU
		{FD7930CC-955C-4EEE-B410-56F5C91477DF}.Release|Any CPU.ActiveCfg = Release|Any CPU
		{FD7930CC-955C-4EEE-B410-56F5C91477DF}.Release|Any CPU.Build.0 = Release|Any CPU
		{2B504C27-0E25-44F6-9FDC-0A76727A5458}.Debug|Any CPU.ActiveCfg = Debug|Any CPU
		{2B504C27-0E25-44F6-9FDC-0A76727A5458}.Debug|Any CPU.Build.0 = Debug|Any CPU
		{2B504C27-0E25-44F6-9FDC-0A76727A5458}.Release|Any CPU.ActiveCfg = Release|Any CPU
		{2B504C27-0E25-44F6-9FDC-0A76727A5458}.Release|Any CPU.Build.0 = Release|Any CPU
		{46A4686F-6A0A-4234-BB31-68D9CA85C22C}.Debug|Any CPU.ActiveCfg = Debug|Any CPU
		{46A4686F-6A0A-4234-BB31-68D9CA85C22C}.Debug|Any CPU.Build.0 = Debug|Any CPU
		{46A4686F-6A0A-4234-BB31-68D9CA85C22C}.Release|Any CPU.ActiveCfg = Release|Any CPU
		{46A4686F-6A0A-4234-BB31-68D9CA85C22C}.Release|Any CPU.Build.0 = Release|Any CPU
		{FB21ED5B-F49B-4537-8529-8FEDC7AF580E}.Debug|Any CPU.ActiveCfg = Debug|Any CPU
		{FB21ED5B-F49B-4537-8529-8FEDC7AF580E}.Debug|Any CPU.Build.0 = Debug|Any CPU
		{FB21ED5B-F49B-4537-8529-8FEDC7AF580E}.Release|Any CPU.ActiveCfg = Release|Any CPU
		{FB21ED5B-F49B-4537-8529-8FEDC7AF580E}.Release|Any CPU.Build.0 = Release|Any CPU
		{EAFE48B1-244B-4EDE-9029-FB6F5684FFB2}.Debug|Any CPU.ActiveCfg = Debug|Any CPU
		{EAFE48B1-244B-4EDE-9029-FB6F5684FFB2}.Debug|Any CPU.Build.0 = Debug|Any CPU
		{EAFE48B1-244B-4EDE-9029-FB6F5684FFB2}.Release|Any CPU.ActiveCfg = Release|Any CPU
		{EAFE48B1-244B-4EDE-9029-FB6F5684FFB2}.Release|Any CPU.Build.0 = Release|Any CPU
	EndGlobalSection
	GlobalSection(SolutionProperties) = preSolution
		HideSolutionNode = FALSE
	EndGlobalSection
	GlobalSection(ExtensibilityGlobals) = postSolution
		SolutionGuid = {5D3EB303-CD1F-4513-8D7A-E3FAA630FCB9}
	EndGlobalSection
EndGlobal
